
Microsoft Visual Studio Solution File, Format Version 12.00
# Visual Studio 15
VisualStudioVersion = 15.0.28307.106
MinimumVisualStudioVersion = 10.0.40219.1
Project("{E24C65DC-7377-472B-9ABA-BC803B73C61A}") = "thirdwheelbd", "E:\thirdwheelbd\thirdwheelbd\", "{745BA4C3-6A22-43EA-B170-466F1B4D1A26}"
	ProjectSection(WebsiteProperties) = preProject
		TargetFrameworkMoniker = ".NETFramework,Version%3Dv4.6.1"
		Debug.AspNetCompiler.VirtualPath = "/localhost_50978"
		Debug.AspNetCompiler.PhysicalPath = "E:\thirdwheelbd\thirdwheelbd\"
		Debug.AspNetCompiler.TargetPath = "PrecompiledWeb\localhost_50978\"
		Debug.AspNetCompiler.Updateable = "true"
		Debug.AspNetCompiler.ForceOverwrite = "true"
		Debug.AspNetCompiler.FixedNames = "false"
		Debug.AspNetCompiler.Debug = "True"
		Release.AspNetCompiler.VirtualPath = "/localhost_50978"
		Release.AspNetCompiler.PhysicalPath = "E:\thirdwheelbd\thirdwheelbd\"
		Release.AspNetCompiler.TargetPath = "PrecompiledWeb\localhost_50978\"
		Release.AspNetCompiler.Updateable = "true"
		Release.AspNetCompiler.ForceOverwrite = "true"
		Release.AspNetCompiler.FixedNames = "false"
		Release.AspNetCompiler.Debug = "False"
		VWDPort = "50978"
	EndProjectSection
EndProject
Global
	GlobalSection(SolutionConfigurationPlatforms) = preSolution
		Debug|Any CPU = Debug|Any CPU
	EndGlobalSection
	GlobalSection(ProjectConfigurationPlatforms) = postSolution
		{745BA4C3-6A22-43EA-B170-466F1B4D1A26}.Debug|Any CPU.ActiveCfg = Debug|Any CPU
		{745BA4C3-6A22-43EA-B170-466F1B4D1A26}.Debug|Any CPU.Build.0 = Debug|Any CPU
	EndGlobalSection
	GlobalSection(SolutionProperties) = preSolution
		HideSolutionNode = FALSE
	EndGlobalSection
	GlobalSection(ExtensibilityGlobals) = postSolution
		SolutionGuid = {6431F065-C434-45D4-A892-52308ED15E0F}
	EndGlobalSection
EndGlobal
