
Microsoft Visual Studio Solution File, Format Version 12.00
# Visual Studio 15
VisualStudioVersion = 15.0.28307.271
MinimumVisualStudioVersion = 10.0.40219.1
Project("{E24C65DC-7377-472B-9ABA-BC803B73C61A}") = "FBM", "E:\Project\FBM\", "{EFD18AC3-899D-4F76-8557-762605E7BDF3}"
	ProjectSection(WebsiteProperties) = preProject
		TargetFrameworkMoniker = ".NETFramework,Version%3Dv4.5"
		Debug.AspNetCompiler.VirtualPath = "/localhost_52647"
		Debug.AspNetCompiler.PhysicalPath = "E:\Project\FBM\"
		Debug.AspNetCompiler.TargetPath = "PrecompiledWeb\localhost_52647\"
		Debug.AspNetCompiler.Updateable = "true"
		Debug.AspNetCompiler.ForceOverwrite = "true"
		Debug.AspNetCompiler.FixedNames = "false"
		Debug.AspNetCompiler.Debug = "True"
		Release.AspNetCompiler.VirtualPath = "/localhost_52647"
		Release.AspNetCompiler.PhysicalPath = "E:\Project\FBM\"
		Release.AspNetCompiler.TargetPath = "PrecompiledWeb\localhost_52647\"
		Release.AspNetCompiler.Updateable = "true"
		Release.AspNetCompiler.ForceOverwrite = "true"
		Release.AspNetCompiler.FixedNames = "false"
		Release.AspNetCompiler.Debug = "False"
		VWDPort = "52647"
	EndProjectSection
EndProject
Global
	GlobalSection(SolutionConfigurationPlatforms) = preSolution
		Debug|Any CPU = Debug|Any CPU
	EndGlobalSection
	GlobalSection(ProjectConfigurationPlatforms) = postSolution
		{EFD18AC3-899D-4F76-8557-762605E7BDF3}.Debug|Any CPU.ActiveCfg = Debug|Any CPU
		{EFD18AC3-899D-4F76-8557-762605E7BDF3}.Debug|Any CPU.Build.0 = Debug|Any CPU
	EndGlobalSection
	GlobalSection(SolutionProperties) = preSolution
		HideSolutionNode = FALSE
	EndGlobalSection
	GlobalSection(ExtensibilityGlobals) = postSolution
		SolutionGuid = {88AB7EF5-2828-458F-A8CD-BC2822D4BFB9}
	EndGlobalSection
EndGlobal
