
Microsoft Visual Studio Solution File, Format Version 12.00
# Visual Studio 15
VisualStudioVersion = 15.0.28307.106
MinimumVisualStudioVersion = 10.0.40219.1
Project("{E24C65DC-7377-472B-9ABA-BC803B73C61A}") = "JHH_Project(1)", "E:\Project\JHH_Project\JHH_Project\", "{FC69A7A9-C23D-475A-B223-4A4F3113793A}"
	ProjectSection(WebsiteProperties) = preProject
		TargetFrameworkMoniker = ".NETFramework,Version%3Dv4.6.1"
		Debug.AspNetCompiler.VirtualPath = "/localhost_62913"
		Debug.AspNetCompiler.PhysicalPath = "E:\Project\JHH_Project\JHH_Project\"
		Debug.AspNetCompiler.TargetPath = "PrecompiledWeb\localhost_62913\"
		Debug.AspNetCompiler.Updateable = "true"
		Debug.AspNetCompiler.ForceOverwrite = "true"
		Debug.AspNetCompiler.FixedNames = "false"
		Debug.AspNetCompiler.Debug = "True"
		Release.AspNetCompiler.VirtualPath = "/localhost_62913"
		Release.AspNetCompiler.PhysicalPath = "E:\Project\JHH_Project\JHH_Project\"
		Release.AspNetCompiler.TargetPath = "PrecompiledWeb\localhost_62913\"
		Release.AspNetCompiler.Updateable = "true"
		Release.AspNetCompiler.ForceOverwrite = "true"
		Release.AspNetCompiler.FixedNames = "false"
		Release.AspNetCompiler.Debug = "False"
		VWDPort = "62913"
	EndProjectSection
EndProject
Global
	GlobalSection(SolutionConfigurationPlatforms) = preSolution
		Debug|Any CPU = Debug|Any CPU
	EndGlobalSection
	GlobalSection(ProjectConfigurationPlatforms) = postSolution
		{FC69A7A9-C23D-475A-B223-4A4F3113793A}.Debug|Any CPU.ActiveCfg = Debug|Any CPU
		{FC69A7A9-C23D-475A-B223-4A4F3113793A}.Debug|Any CPU.Build.0 = Debug|Any CPU
	EndGlobalSection
	GlobalSection(SolutionProperties) = preSolution
		HideSolutionNode = FALSE
	EndGlobalSection
	GlobalSection(ExtensibilityGlobals) = postSolution
		SolutionGuid = {7F25DFC9-9350-48D4-995A-3D31823770B6}
	EndGlobalSection
EndGlobal
