
Microsoft Visual Studio Solution File, Format Version 12.00
# Visual Studio 15
VisualStudioVersion = 15.0.28010.2050
MinimumVisualStudioVersion = 10.0.40219.1
Project("{E24C65DC-7377-472B-9ABA-BC803B73C61A}") = "JHH2", "E:\Project\JHH2\", "{C1A17184-7EBC-432C-BC38-883D3E834F7D}"
	ProjectSection(WebsiteProperties) = preProject
		TargetFrameworkMoniker = ".NETFramework,Version%3Dv4.5"
		Debug.AspNetCompiler.VirtualPath = "/localhost_50328"
		Debug.AspNetCompiler.PhysicalPath = "E:\Project\JHH2\"
		Debug.AspNetCompiler.TargetPath = "PrecompiledWeb\localhost_50328\"
		Debug.AspNetCompiler.Updateable = "true"
		Debug.AspNetCompiler.ForceOverwrite = "true"
		Debug.AspNetCompiler.FixedNames = "false"
		Debug.AspNetCompiler.Debug = "True"
		Release.AspNetCompiler.VirtualPath = "/localhost_50328"
		Release.AspNetCompiler.PhysicalPath = "E:\Project\JHH2\"
		Release.AspNetCompiler.TargetPath = "PrecompiledWeb\localhost_50328\"
		Release.AspNetCompiler.Updateable = "true"
		Release.AspNetCompiler.ForceOverwrite = "true"
		Release.AspNetCompiler.FixedNames = "false"
		Release.AspNetCompiler.Debug = "False"
		VWDPort = "50328"
	EndProjectSection
EndProject
Global
	GlobalSection(SolutionConfigurationPlatforms) = preSolution
		Debug|Any CPU = Debug|Any CPU
	EndGlobalSection
	GlobalSection(ProjectConfigurationPlatforms) = postSolution
		{C1A17184-7EBC-432C-BC38-883D3E834F7D}.Debug|Any CPU.ActiveCfg = Debug|Any CPU
		{C1A17184-7EBC-432C-BC38-883D3E834F7D}.Debug|Any CPU.Build.0 = Debug|Any CPU
	EndGlobalSection
	GlobalSection(SolutionProperties) = preSolution
		HideSolutionNode = FALSE
	EndGlobalSection
	GlobalSection(ExtensibilityGlobals) = postSolution
		SolutionGuid = {989043FB-7FF8-48F9-B878-B85F894EC576}
	EndGlobalSection
EndGlobal
